
Microsoft Visual Studio Solution File, Format Version 12.00
# Visual Studio Version 16
VisualStudioVersion = 16.0.31019.35
MinimumVisualStudioVersion = 10.0.40219.1
Project("{FAE04EC0-301F-11D3-BF4B-00C04F79EFBC}") = "API_Noticias", "API_Noticias\API_Noticias.csproj", "{D3BFCD96-EEEB-495C-9509-6A06FF622D2B}"
EndProject
Global
	GlobalSection(SolutionConfigurationPlatforms) = preSolution
		Debug|Any CPU = Debug|Any CPU
		Release|Any CPU = Release|Any CPU
	EndGlobalSection
	GlobalSection(ProjectConfigurationPlatforms) = postSolution
		{D3BFCD96-EEEB-495C-9509-6A06FF622D2B}.Debug|Any CPU.ActiveCfg = Debug|Any CPU
		{D3BFCD96-EEEB-495C-9509-6A06FF622D2B}.Debug|Any CPU.Build.0 = Debug|Any CPU
		{D3BFCD96-EEEB-495C-9509-6A06FF622D2B}.Release|Any CPU.ActiveCfg = Release|Any CPU
		{D3BFCD96-EEEB-495C-9509-6A06FF622D2B}.Release|Any CPU.Build.0 = Release|Any CPU
	EndGlobalSection
	GlobalSection(SolutionProperties) = preSolution
		HideSolutionNode = FALSE
	EndGlobalSection
	GlobalSection(ExtensibilityGlobals) = postSolution
		SolutionGuid = {2F57C9E3-C2F1-406E-8521-84C9EDB1EF9A}
	EndGlobalSection
EndGlobal
